// !$*UTF8*$!
{
	archiveVersion = 1;
	classes = {
	};
	objectVersion = 51;
	objects = {

/* Begin PBXBuildFile section */
		7911D058268535B80089EE7A /* MoviesGridViewController.m in Sources */ = {isa = PBXBuildFile; fileRef = 7911D057268535B80089EE7A /* MoviesGridViewController.m */; };
		7911D05B26853B270089EE7A /* MovieCollectionViewCell.m in Sources */ = {isa = PBXBuildFile; fileRef = 7911D05A26853B270089EE7A /* MovieCollectionViewCell.m */; };
		791B826026838FC7003976B7 /* AppDelegate.m in Sources */ = {isa = PBXBuildFile; fileRef = 791B825F26838FC7003976B7 /* AppDelegate.m */; };
		791B826326838FC7003976B7 /* SceneDelegate.m in Sources */ = {isa = PBXBuildFile; fileRef = 791B826226838FC7003976B7 /* SceneDelegate.m */; };
		791B826926838FC7003976B7 /* Main.storyboard in Resources */ = {isa = PBXBuildFile; fileRef = 791B826726838FC7003976B7 /* Main.storyboard */; };
		791B826B26838FC8003976B7 /* Assets.xcassets in Resources */ = {isa = PBXBuildFile; fileRef = 791B826A26838FC8003976B7 /* Assets.xcassets */; };
		791B826E26838FC8003976B7 /* LaunchScreen.storyboard in Resources */ = {isa = PBXBuildFile; fileRef = 791B826C26838FC8003976B7 /* LaunchScreen.storyboard */; };
		791B827126838FC8003976B7 /* main.m in Sources */ = {isa = PBXBuildFile; fileRef = 791B827026838FC8003976B7 /* main.m */; };
		791B827B26838FC8003976B7 /* FlixTests.m in Sources */ = {isa = PBXBuildFile; fileRef = 791B827A26838FC8003976B7 /* FlixTests.m */; };
		791B828626838FC9003976B7 /* FlixUITests.m in Sources */ = {isa = PBXBuildFile; fileRef = 791B828526838FC9003976B7 /* FlixUITests.m */; };
		791B829526839D03003976B7 /* MovieViewController.m in Sources */ = {isa = PBXBuildFile; fileRef = 791B829426839D03003976B7 /* MovieViewController.m */; };
		791B829E2683C6E4003976B7 /* MovieCell.m in Sources */ = {isa = PBXBuildFile; fileRef = 791B829D2683C6E4003976B7 /* MovieCell.m */; };
		791B82A12683E67B003976B7 /* DetailsViewController.m in Sources */ = {isa = PBXBuildFile; fileRef = 791B82A02683E67B003976B7 /* DetailsViewController.m */; };
		792DC01626866FD2007D67BD /* WebKit.framework in Frameworks */ = {isa = PBXBuildFile; fileRef = 792DC01526866FD2007D67BD /* WebKit.framework */; };
		792DC01C268673C8007D67BD /* TrailerViewController.m in Sources */ = {isa = PBXBuildFile; fileRef = 792DC01B268673C8007D67BD /* TrailerViewController.m */; };
		9AECDED6A8EDBF2ECA55B7B6 /* Pods_FlixTests.framework in Frameworks */ = {isa = PBXBuildFile; fileRef = 23C2627DC3A74D206A1DED72 /* Pods_FlixTests.framework */; };
		F0DF0572A7AB0B2664FA64E5 /* Pods_Flix_FlixUITests.framework in Frameworks */ = {isa = PBXBuildFile; fileRef = BB6EE3193D2E16F4280DC4C8 /* Pods_Flix_FlixUITests.framework */; };
		F37A669EB0AD67534AABC0B9 /* Pods_Flix.framework in Frameworks */ = {isa = PBXBuildFile; fileRef = 58F57AF76D2A1BE7788E9465 /* Pods_Flix.framework */; };
/* End PBXBuildFile section */

/* Begin PBXContainerItemProxy section */
		791B827726838FC8003976B7 /* PBXContainerItemProxy */ = {
			isa = PBXContainerItemProxy;
			containerPortal = 791B825326838FC7003976B7 /* Project object */;
			proxyType = 1;
			remoteGlobalIDString = 791B825A26838FC7003976B7;
			remoteInfo = Flix;
		};
		791B828226838FC9003976B7 /* PBXContainerItemProxy */ = {
			isa = PBXContainerItemProxy;
			containerPortal = 791B825326838FC7003976B7 /* Project object */;
			proxyType = 1;
			remoteGlobalIDString = 791B825A26838FC7003976B7;
			remoteInfo = Flix;
		};
/* End PBXContainerItemProxy section */

/* Begin PBXFileReference section */
		0753279BAF0EB8726628A6BD /* Pods-FlixTests.release.xcconfig */ = {isa = PBXFileReference; includeInIndex = 1; lastKnownFileType = text.xcconfig; name = "Pods-FlixTests.release.xcconfig"; path = "Target Support Files/Pods-FlixTests/Pods-FlixTests.release.xcconfig"; sourceTree = "<group>"; };
		23C2627DC3A74D206A1DED72 /* Pods_FlixTests.framework */ = {isa = PBXFileReference; explicitFileType = wrapper.framework; includeInIndex = 0; path = Pods_FlixTests.framework; sourceTree = BUILT_PRODUCTS_DIR; };
		2A190D195981FEE54EE415DB /* Pods-Flix.debug.xcconfig */ = {isa = PBXFileReference; includeInIndex = 1; lastKnownFileType = text.xcconfig; name = "Pods-Flix.debug.xcconfig"; path = "Target Support Files/Pods-Flix/Pods-Flix.debug.xcconfig"; sourceTree = "<group>"; };
		48F03FBC4664B5FB4EAAB201 /* Pods-Flix-FlixUITests.release.xcconfig */ = {isa = PBXFileReference; includeInIndex = 1; lastKnownFileType = text.xcconfig; name = "Pods-Flix-FlixUITests.release.xcconfig"; path = "Target Support Files/Pods-Flix-FlixUITests/Pods-Flix-FlixUITests.release.xcconfig"; sourceTree = "<group>"; };
		58F57AF76D2A1BE7788E9465 /* Pods_Flix.framework */ = {isa = PBXFileReference; explicitFileType = wrapper.framework; includeInIndex = 0; path = Pods_Flix.framework; sourceTree = BUILT_PRODUCTS_DIR; };
		7911D056268535B80089EE7A /* MoviesGridViewController.h */ = {isa = PBXFileReference; lastKnownFileType = sourcecode.c.h; name = MoviesGridViewController.h; path = ViewControllers/MoviesGridViewController.h; sourceTree = "<group>"; };
		7911D057268535B80089EE7A /* MoviesGridViewController.m */ = {isa = PBXFileReference; lastKnownFileType = sourcecode.c.objc; name = MoviesGridViewController.m; path = ViewControllers/MoviesGridViewController.m; sourceTree = "<group>"; };
		7911D05926853B270089EE7A /* MovieCollectionViewCell.h */ = {isa = PBXFileReference; lastKnownFileType = sourcecode.c.h; path = MovieCollectionViewCell.h; sourceTree = "<group>"; };
		7911D05A26853B270089EE7A /* MovieCollectionViewCell.m */ = {isa = PBXFileReference; lastKnownFileType = sourcecode.c.objc; path = MovieCollectionViewCell.m; sourceTree = "<group>"; };
		791B825B26838FC7003976B7 /* Flix.app */ = {isa = PBXFileReference; explicitFileType = wrapper.application; includeInIndex = 0; path = Flix.app; sourceTree = BUILT_PRODUCTS_DIR; };
		791B825E26838FC7003976B7 /* AppDelegate.h */ = {isa = PBXFileReference; lastKnownFileType = sourcecode.c.h; path = AppDelegate.h; sourceTree = "<group>"; };
		791B825F26838FC7003976B7 /* AppDelegate.m */ = {isa = PBXFileReference; lastKnownFileType = sourcecode.c.objc; path = AppDelegate.m; sourceTree = "<group>"; };
		791B826126838FC7003976B7 /* SceneDelegate.h */ = {isa = PBXFileReference; lastKnownFileType = sourcecode.c.h; path = SceneDelegate.h; sourceTree = "<group>"; };
		791B826226838FC7003976B7 /* SceneDelegate.m */ = {isa = PBXFileReference; lastKnownFileType = sourcecode.c.objc; path = SceneDelegate.m; sourceTree = "<group>"; };
		791B826826838FC7003976B7 /* Base */ = {isa = PBXFileReference; lastKnownFileType = file.storyboard; name = Base; path = Base.lproj/Main.storyboard; sourceTree = "<group>"; };
		791B826A26838FC8003976B7 /* Assets.xcassets */ = {isa = PBXFileReference; lastKnownFileType = folder.assetcatalog; path = Assets.xcassets; sourceTree = "<group>"; };
		791B826D26838FC8003976B7 /* Base */ = {isa = PBXFileReference; lastKnownFileType = file.storyboard; name = Base; path = Base.lproj/LaunchScreen.storyboard; sourceTree = "<group>"; };
		791B826F26838FC8003976B7 /* Info.plist */ = {isa = PBXFileReference; lastKnownFileType = text.plist.xml; path = Info.plist; sourceTree = "<group>"; };
		791B827026838FC8003976B7 /* main.m */ = {isa = PBXFileReference; lastKnownFileType = sourcecode.c.objc; path = main.m; sourceTree = "<group>"; };
		791B827626838FC8003976B7 /* FlixTests.xctest */ = {isa = PBXFileReference; explicitFileType = wrapper.cfbundle; includeInIndex = 0; path = FlixTests.xctest; sourceTree = BUILT_PRODUCTS_DIR; };
		791B827A26838FC8003976B7 /* FlixTests.m */ = {isa = PBXFileReference; lastKnownFileType = sourcecode.c.objc; path = FlixTests.m; sourceTree = "<group>"; };
		791B827C26838FC8003976B7 /* Info.plist */ = {isa = PBXFileReference; lastKnownFileType = text.plist.xml; path = Info.plist; sourceTree = "<group>"; };
		791B828126838FC9003976B7 /* FlixUITests.xctest */ = {isa = PBXFileReference; explicitFileType = wrapper.cfbundle; includeInIndex = 0; path = FlixUITests.xctest; sourceTree = BUILT_PRODUCTS_DIR; };
		791B828526838FC9003976B7 /* FlixUITests.m */ = {isa = PBXFileReference; lastKnownFileType = sourcecode.c.objc; path = FlixUITests.m; sourceTree = "<group>"; };
		791B828726838FC9003976B7 /* Info.plist */ = {isa = PBXFileReference; lastKnownFileType = text.plist.xml; path = Info.plist; sourceTree = "<group>"; };
		791B829326839D03003976B7 /* MovieViewController.h */ = {isa = PBXFileReference; lastKnownFileType = sourcecode.c.h; path = MovieViewController.h; sourceTree = "<group>"; };
		791B829426839D03003976B7 /* MovieViewController.m */ = {isa = PBXFileReference; lastKnownFileType = sourcecode.c.objc; path = MovieViewController.m; sourceTree = "<group>"; };
		791B829C2683C6E4003976B7 /* MovieCell.h */ = {isa = PBXFileReference; lastKnownFileType = sourcecode.c.h; path = MovieCell.h; sourceTree = "<group>"; };
		791B829D2683C6E4003976B7 /* MovieCell.m */ = {isa = PBXFileReference; lastKnownFileType = sourcecode.c.objc; path = MovieCell.m; sourceTree = "<group>"; };
		791B829F2683E67B003976B7 /* DetailsViewController.h */ = {isa = PBXFileReference; lastKnownFileType = sourcecode.c.h; path = DetailsViewController.h; sourceTree = "<group>"; };
		791B82A02683E67B003976B7 /* DetailsViewController.m */ = {isa = PBXFileReference; lastKnownFileType = sourcecode.c.objc; path = DetailsViewController.m; sourceTree = "<group>"; };
		792DC01526866FD2007D67BD /* WebKit.framework */ = {isa = PBXFileReference; lastKnownFileType = wrapper.framework; name = WebKit.framework; path = System/Library/Frameworks/WebKit.framework; sourceTree = SDKROOT; };
		792DC01A268673C8007D67BD /* TrailerViewController.h */ = {isa = PBXFileReference; lastKnownFileType = sourcecode.c.h; path = TrailerViewController.h; sourceTree = "<group>"; };
		792DC01B268673C8007D67BD /* TrailerViewController.m */ = {isa = PBXFileReference; lastKnownFileType = sourcecode.c.objc; path = TrailerViewController.m; sourceTree = "<group>"; };
		BB6EE3193D2E16F4280DC4C8 /* Pods_Flix_FlixUITests.framework */ = {isa = PBXFileReference; explicitFileType = wrapper.framework; includeInIndex = 0; path = Pods_Flix_FlixUITests.framework; sourceTree = BUILT_PRODUCTS_DIR; };
		BC6EBDFE3B826CDD6BD4324D /* Pods-Flix-FlixUITests.debug.xcconfig */ = {isa = PBXFileReference; includeInIndex = 1; lastKnownFileType = text.xcconfig; name = "Pods-Flix-FlixUITests.debug.xcconfig"; path = "Target Support Files/Pods-Flix-FlixUITests/Pods-Flix-FlixUITests.debug.xcconfig"; sourceTree = "<group>"; };
		CB8515A2B6AFE006E30F0EA3 /* Pods-FlixTests.debug.xcconfig */ = {isa = PBXFileReference; includeInIndex = 1; lastKnownFileType = text.xcconfig; name = "Pods-FlixTests.debug.xcconfig"; path = "Target Support Files/Pods-FlixTests/Pods-FlixTests.debug.xcconfig"; sourceTree = "<group>"; };
		EA4569270F57969A66C1E812 /* Pods-Flix.release.xcconfig */ = {isa = PBXFileReference; includeInIndex = 1; lastKnownFileType = text.xcconfig; name = "Pods-Flix.release.xcconfig"; path = "Target Support Files/Pods-Flix/Pods-Flix.release.xcconfig"; sourceTree = "<group>"; };
/* End PBXFileReference section */

/* Begin PBXFrameworksBuildPhase section */
		791B825826838FC7003976B7 /* Frameworks */ = {
			isa = PBXFrameworksBuildPhase;
			buildActionMask = 2147483647;
			files = (
				792DC01626866FD2007D67BD /* WebKit.framework in Frameworks */,
				F37A669EB0AD67534AABC0B9 /* Pods_Flix.framework in Frameworks */,
			);
			runOnlyForDeploymentPostprocessing = 0;
		};
		791B827326838FC8003976B7 /* Frameworks */ = {
			isa = PBXFrameworksBuildPhase;
			buildActionMask = 2147483647;
			files = (
				9AECDED6A8EDBF2ECA55B7B6 /* Pods_FlixTests.framework in Frameworks */,
			);
			runOnlyForDeploymentPostprocessing = 0;
		};
		791B827E26838FC9003976B7 /* Frameworks */ = {
			isa = PBXFrameworksBuildPhase;
			buildActionMask = 2147483647;
			files = (
				F0DF0572A7AB0B2664FA64E5 /* Pods_Flix_FlixUITests.framework in Frameworks */,
			);
			runOnlyForDeploymentPostprocessing = 0;
		};
/* End PBXFrameworksBuildPhase section */

/* Begin PBXGroup section */
		63BF450B96955C0C38B0E2AB /* Frameworks */ = {
			isa = PBXGroup;
			children = (
				792DC01526866FD2007D67BD /* WebKit.framework */,
				58F57AF76D2A1BE7788E9465 /* Pods_Flix.framework */,
				BB6EE3193D2E16F4280DC4C8 /* Pods_Flix_FlixUITests.framework */,
				23C2627DC3A74D206A1DED72 /* Pods_FlixTests.framework */,
			);
			name = Frameworks;
			sourceTree = "<group>";
		};
		75DC8C56C68AC74962C88C8E /* Pods */ = {
			isa = PBXGroup;
			children = (
				2A190D195981FEE54EE415DB /* Pods-Flix.debug.xcconfig */,
				EA4569270F57969A66C1E812 /* Pods-Flix.release.xcconfig */,
				BC6EBDFE3B826CDD6BD4324D /* Pods-Flix-FlixUITests.debug.xcconfig */,
				48F03FBC4664B5FB4EAAB201 /* Pods-Flix-FlixUITests.release.xcconfig */,
				CB8515A2B6AFE006E30F0EA3 /* Pods-FlixTests.debug.xcconfig */,
				0753279BAF0EB8726628A6BD /* Pods-FlixTests.release.xcconfig */,
			);
			path = Pods;
			sourceTree = "<group>";
		};
		791B825226838FC7003976B7 = {
			isa = PBXGroup;
			children = (
				791B825D26838FC7003976B7 /* Flix */,
				791B827926838FC8003976B7 /* FlixTests */,
				791B828426838FC9003976B7 /* FlixUITests */,
				791B825C26838FC7003976B7 /* Products */,
				75DC8C56C68AC74962C88C8E /* Pods */,
				63BF450B96955C0C38B0E2AB /* Frameworks */,
			);
			sourceTree = "<group>";
		};
		791B825C26838FC7003976B7 /* Products */ = {
			isa = PBXGroup;
			children = (
				791B825B26838FC7003976B7 /* Flix.app */,
				791B827626838FC8003976B7 /* FlixTests.xctest */,
				791B828126838FC9003976B7 /* FlixUITests.xctest */,
			);
			name = Products;
			sourceTree = "<group>";
		};
		791B825D26838FC7003976B7 /* Flix */ = {
			isa = PBXGroup;
			children = (
				791B829826839E5E003976B7 /* ViewControllers */,
				791B829726839E57003976B7 /* Models */,
				791B825E26838FC7003976B7 /* AppDelegate.h */,
				791B825F26838FC7003976B7 /* AppDelegate.m */,
				791B826126838FC7003976B7 /* SceneDelegate.h */,
				791B826226838FC7003976B7 /* SceneDelegate.m */,
				791B826726838FC7003976B7 /* Main.storyboard */,
				7911D056268535B80089EE7A /* MoviesGridViewController.h */,
				7911D057268535B80089EE7A /* MoviesGridViewController.m */,
				791B826A26838FC8003976B7 /* Assets.xcassets */,
				791B826C26838FC8003976B7 /* LaunchScreen.storyboard */,
				791B826F26838FC8003976B7 /* Info.plist */,
				791B827026838FC8003976B7 /* main.m */,
			);
			path = Flix;
			sourceTree = "<group>";
		};
		791B827926838FC8003976B7 /* FlixTests */ = {
			isa = PBXGroup;
			children = (
				791B827A26838FC8003976B7 /* FlixTests.m */,
				791B827C26838FC8003976B7 /* Info.plist */,
			);
			path = FlixTests;
			sourceTree = "<group>";
		};
		791B828426838FC9003976B7 /* FlixUITests */ = {
			isa = PBXGroup;
			children = (
				791B828526838FC9003976B7 /* FlixUITests.m */,
				791B828726838FC9003976B7 /* Info.plist */,
			);
			path = FlixUITests;
			sourceTree = "<group>";
		};
		791B829626839E4F003976B7 /* Views */ = {
			isa = PBXGroup;
			children = (
				7911D05926853B270089EE7A /* MovieCollectionViewCell.h */,
				7911D05A26853B270089EE7A /* MovieCollectionViewCell.m */,
				791B829C2683C6E4003976B7 /* MovieCell.h */,
				791B829D2683C6E4003976B7 /* MovieCell.m */,
			);
			path = Views;
			sourceTree = "<group>";
		};
		791B829726839E57003976B7 /* Models */ = {
			isa = PBXGroup;
			children = (
			);
			path = Models;
			sourceTree = "<group>";
		};
		791B829826839E5E003976B7 /* ViewControllers */ = {
			isa = PBXGroup;
			children = (
				791B829326839D03003976B7 /* MovieViewController.h */,
				791B829426839D03003976B7 /* MovieViewController.m */,
				791B829F2683E67B003976B7 /* DetailsViewController.h */,
				791B82A02683E67B003976B7 /* DetailsViewController.m */,
				792DC01A268673C8007D67BD /* TrailerViewController.h */,
				791B829626839E4F003976B7 /* Views */,
				792DC01B268673C8007D67BD /* TrailerViewController.m */,
			);
			path = ViewControllers;
			sourceTree = "<group>";
		};
/* End PBXGroup section */

/* Begin PBXNativeTarget section */
		791B825A26838FC7003976B7 /* Flix */ = {
			isa = PBXNativeTarget;
			buildConfigurationList = 791B828A26838FC9003976B7 /* Build configuration list for PBXNativeTarget "Flix" */;
			buildPhases = (
				D066DC8C85784C22D76B91A0 /* [CP] Check Pods Manifest.lock */,
				791B825726838FC7003976B7 /* Sources */,
				791B825826838FC7003976B7 /* Frameworks */,
				791B825926838FC7003976B7 /* Resources */,
				DD124C6D6DEC7881EB1D4862 /* [CP] Embed Pods Frameworks */,
			);
			buildRules = (
			);
			dependencies = (
			);
			name = Flix;
			productName = Flix;
			productReference = 791B825B26838FC7003976B7 /* Flix.app */;
			productType = "com.apple.product-type.application";
		};
		791B827526838FC8003976B7 /* FlixTests */ = {
			isa = PBXNativeTarget;
			buildConfigurationList = 791B828D26838FC9003976B7 /* Build configuration list for PBXNativeTarget "FlixTests" */;
			buildPhases = (
				941B336AB2E0A8C02C23816A /* [CP] Check Pods Manifest.lock */,
				791B827226838FC8003976B7 /* Sources */,
				791B827326838FC8003976B7 /* Frameworks */,
				791B827426838FC8003976B7 /* Resources */,
			);
			buildRules = (
			);
			dependencies = (
				791B827826838FC8003976B7 /* PBXTargetDependency */,
			);
			name = FlixTests;
			productName = FlixTests;
			productReference = 791B827626838FC8003976B7 /* FlixTests.xctest */;
			productType = "com.apple.product-type.bundle.unit-test";
		};
		791B828026838FC9003976B7 /* FlixUITests */ = {
			isa = PBXNativeTarget;
			buildConfigurationList = 791B829026838FC9003976B7 /* Build configuration list for PBXNativeTarget "FlixUITests" */;
			buildPhases = (
				06FF82699AD983F614947FBE /* [CP] Check Pods Manifest.lock */,
				791B827D26838FC9003976B7 /* Sources */,
				791B827E26838FC9003976B7 /* Frameworks */,
				791B827F26838FC9003976B7 /* Resources */,
				703633516C7EA77D4BE824AE /* [CP] Embed Pods Frameworks */,
			);
			buildRules = (
			);
			dependencies = (
				791B828326838FC9003976B7 /* PBXTargetDependency */,
			);
			name = FlixUITests;
			productName = FlixUITests;
			productReference = 791B828126838FC9003976B7 /* FlixUITests.xctest */;
			productType = "com.apple.product-type.bundle.ui-testing";
		};
/* End PBXNativeTarget section */

/* Begin PBXProject section */
		791B825326838FC7003976B7 /* Project object */ = {
			isa = PBXProject;
			attributes = {
				LastUpgradeCheck = 1250;
				TargetAttributes = {
					791B825A26838FC7003976B7 = {
						CreatedOnToolsVersion = 12.5.1;
					};
					791B827526838FC8003976B7 = {
						CreatedOnToolsVersion = 12.5.1;
						TestTargetID = 791B825A26838FC7003976B7;
					};
					791B828026838FC9003976B7 = {
						CreatedOnToolsVersion = 12.5.1;
						TestTargetID = 791B825A26838FC7003976B7;
					};
				};
			};
			buildConfigurationList = 791B825626838FC7003976B7 /* Build configuration list for PBXProject "Flix" */;
			compatibilityVersion = "Xcode 9.3";
			developmentRegion = en;
			hasScannedForEncodings = 0;
			knownRegions = (
				en,
				Base,
			);
			mainGroup = 791B825226838FC7003976B7;
			productRefGroup = 791B825C26838FC7003976B7 /* Products */;
			projectDirPath = "";
			projectRoot = "";
			targets = (
				791B825A26838FC7003976B7 /* Flix */,
				791B827526838FC8003976B7 /* FlixTests */,
				791B828026838FC9003976B7 /* FlixUITests */,
			);
		};
/* End PBXProject section */

/* Begin PBXResourcesBuildPhase section */
		791B825926838FC7003976B7 /* Resources */ = {
			isa = PBXResourcesBuildPhase;
			buildActionMask = 2147483647;
			files = (
				791B826E26838FC8003976B7 /* LaunchScreen.storyboard in Resources */,
				791B826B26838FC8003976B7 /* Assets.xcassets in Resources */,
				791B826926838FC7003976B7 /* Main.storyboard in Resources */,
			);
			runOnlyForDeploymentPostprocessing = 0;
		};
		791B827426838FC8003976B7 /* Resources */ = {
			isa = PBXResourcesBuildPhase;
			buildActionMask = 2147483647;
			files = (
			);
			runOnlyForDeploymentPostprocessing = 0;
		};
		791B827F26838FC9003976B7 /* Resources */ = {
			isa = PBXResourcesBuildPhase;
			buildActionMask = 2147483647;
			files = (
			);
			runOnlyForDeploymentPostprocessing = 0;
		};
/* End PBXResourcesBuildPhase section */

/* Begin PBXShellScriptBuildPhase section */
		06FF82699AD983F614947FBE /* [CP] Check Pods Manifest.lock */ = {
			isa = PBXShellScriptBuildPhase;
			buildActionMask = 2147483647;
			files = (
			);
			inputFileListPaths = (
			);
			inputPaths = (
				"${PODS_PODFILE_DIR_PATH}/Podfile.lock",
				"${PODS_ROOT}/Manifest.lock",
			);
			name = "[CP] Check Pods Manifest.lock";
			outputFileListPaths = (
			);
			outputPaths = (
				"$(DERIVED_FILE_DIR)/Pods-Flix-FlixUITests-checkManifestLockResult.txt",
			);
			runOnlyForDeploymentPostprocessing = 0;
			shellPath = /bin/sh;
			shellScript = "diff \"${PODS_PODFILE_DIR_PATH}/Podfile.lock\" \"${PODS_ROOT}/Manifest.lock\" > /dev/null\nif [ $? != 0 ] ; then\n    # print error to STDERR\n    echo \"error: The sandbox is not in sync with the Podfile.lock. Run 'pod install' or update your CocoaPods installation.\" >&2\n    exit 1\nfi\n# This output is used by Xcode 'outputs' to avoid re-running this script phase.\necho \"SUCCESS\" > \"${SCRIPT_OUTPUT_FILE_0}\"\n";
			showEnvVarsInLog = 0;
		};
		703633516C7EA77D4BE824AE /* [CP] Embed Pods Frameworks */ = {
			isa = PBXShellScriptBuildPhase;
			buildActionMask = 2147483647;
			files = (
			);
			inputFileListPaths = (
				"${PODS_ROOT}/Target Support Files/Pods-Flix-FlixUITests/Pods-Flix-FlixUITests-frameworks-${CONFIGURATION}-input-files.xcfilelist",
			);
			name = "[CP] Embed Pods Frameworks";
			outputFileListPaths = (
				"${PODS_ROOT}/Target Support Files/Pods-Flix-FlixUITests/Pods-Flix-FlixUITests-frameworks-${CONFIGURATION}-output-files.xcfilelist",
			);
			runOnlyForDeploymentPostprocessing = 0;
			shellPath = /bin/sh;
			shellScript = "\"${PODS_ROOT}/Target Support Files/Pods-Flix-FlixUITests/Pods-Flix-FlixUITests-frameworks.sh\"\n";
			showEnvVarsInLog = 0;
		};
		941B336AB2E0A8C02C23816A /* [CP] Check Pods Manifest.lock */ = {
			isa = PBXShellScriptBuildPhase;
			buildActionMask = 2147483647;
			files = (
			);
			inputFileListPaths = (
			);
			inputPaths = (
				"${PODS_PODFILE_DIR_PATH}/Podfile.lock",
				"${PODS_ROOT}/Manifest.lock",
			);
			name = "[CP] Check Pods Manifest.lock";
			outputFileListPaths = (
			);
			outputPaths = (
				"$(DERIVED_FILE_DIR)/Pods-FlixTests-checkManifestLockResult.txt",
			);
			runOnlyForDeploymentPostprocessing = 0;
			shellPath = /bin/sh;
			shellScript = "diff \"${PODS_PODFILE_DIR_PATH}/Podfile.lock\" \"${PODS_ROOT}/Manifest.lock\" > /dev/null\nif [ $? != 0 ] ; then\n    # print error to STDERR\n    echo \"error: The sandbox is not in sync with the Podfile.lock. Run 'pod install' or update your CocoaPods installation.\" >&2\n    exit 1\nfi\n# This output is used by Xcode 'outputs' to avoid re-running this script phase.\necho \"SUCCESS\" > \"${SCRIPT_OUTPUT_FILE_0}\"\n";
			showEnvVarsInLog = 0;
		};
		D066DC8C85784C22D76B91A0 /* [CP] Check Pods Manifest.lock */ = {
			isa = PBXShellScriptBuildPhase;
			buildActionMask = 2147483647;
			files = (
			);
			inputFileListPaths = (
			);
			inputPaths = (
				"${PODS_PODFILE_DIR_PATH}/Podfile.lock",
				"${PODS_ROOT}/Manifest.lock",
			);
			name = "[CP] Check Pods Manifest.lock";
			outputFileListPaths = (
			);
			outputPaths = (
				"$(DERIVED_FILE_DIR)/Pods-Flix-checkManifestLockResult.txt",
			);
			runOnlyForDeploymentPostprocessing = 0;
			shellPath = /bin/sh;
			shellScript = "diff \"${PODS_PODFILE_DIR_PATH}/Podfile.lock\" \"${PODS_ROOT}/Manifest.lock\" > /dev/null\nif [ $? != 0 ] ; then\n    # print error to STDERR\n    echo \"error: The sandbox is not in sync with the Podfile.lock. Run 'pod install' or update your CocoaPods installation.\" >&2\n    exit 1\nfi\n# This output is used by Xcode 'outputs' to avoid re-running this script phase.\necho \"SUCCESS\" > \"${SCRIPT_OUTPUT_FILE_0}\"\n";
			showEnvVarsInLog = 0;
		};
		DD124C6D6DEC7881EB1D4862 /* [CP] Embed Pods Frameworks */ = {
			isa = PBXShellScriptBuildPhase;
			buildActionMask = 2147483647;
			files = (
			);
			inputFileListPaths = (
				"${PODS_ROOT}/Target Support Files/Pods-Flix/Pods-Flix-frameworks-${CONFIGURATION}-input-files.xcfilelist",
			);
			name = "[CP] Embed Pods Frameworks";
			outputFileListPaths = (
				"${PODS_ROOT}/Target Support Files/Pods-Flix/Pods-Flix-frameworks-${CONFIGURATION}-output-files.xcfilelist",
			);
			runOnlyForDeploymentPostprocessing = 0;
			shellPath = /bin/sh;
			shellScript = "\"${PODS_ROOT}/Target Support Files/Pods-Flix/Pods-Flix-frameworks.sh\"\n";
			showEnvVarsInLog = 0;
		};
/* End PBXShellScriptBuildPhase section */

/* Begin PBXSourcesBuildPhase section */
		791B825726838FC7003976B7 /* Sources */ = {
			isa = PBXSourcesBuildPhase;
			buildActionMask = 2147483647;
			files = (
				791B829526839D03003976B7 /* MovieViewController.m in Sources */,
				791B829E2683C6E4003976B7 /* MovieCell.m in Sources */,
				791B826026838FC7003976B7 /* AppDelegate.m in Sources */,
				7911D05B26853B270089EE7A /* MovieCollectionViewCell.m in Sources */,
				791B82A12683E67B003976B7 /* DetailsViewController.m in Sources */,
				791B827126838FC8003976B7 /* main.m in Sources */,
				791B826326838FC7003976B7 /* SceneDelegate.m in Sources */,
				792DC01C268673C8007D67BD /* TrailerViewController.m in Sources */,
				7911D058268535B80089EE7A /* MoviesGridViewController.m in Sources */,
			);
			runOnlyForDeploymentPostprocessing = 0;
		};
		791B827226838FC8003976B7 /* Sources */ = {
			isa = PBXSourcesBuildPhase;
			buildActionMask = 2147483647;
			files = (
				791B827B26838FC8003976B7 /* FlixTests.m in Sources */,
			);
			runOnlyForDeploymentPostprocessing = 0;
		};
		791B827D26838FC9003976B7 /* Sources */ = {
			isa = PBXSourcesBuildPhase;
			buildActionMask = 2147483647;
			files = (
				791B828626838FC9003976B7 /* FlixUITests.m in Sources */,
			);
			runOnlyForDeploymentPostprocessing = 0;
		};
/* End PBXSourcesBuildPhase section */

/* Begin PBXTargetDependency section */
		791B827826838FC8003976B7 /* PBXTargetDependency */ = {
			isa = PBXTargetDependency;
			target = 791B825A26838FC7003976B7 /* Flix */;
			targetProxy = 791B827726838FC8003976B7 /* PBXContainerItemProxy */;
		};
		791B828326838FC9003976B7 /* PBXTargetDependency */ = {
			isa = PBXTargetDependency;
			target = 791B825A26838FC7003976B7 /* Flix */;
			targetProxy = 791B828226838FC9003976B7 /* PBXContainerItemProxy */;
		};
/* End PBXTargetDependency section */

/* Begin PBXVariantGroup section */
		791B826726838FC7003976B7 /* Main.storyboard */ = {
			isa = PBXVariantGroup;
			children = (
				791B826826838FC7003976B7 /* Base */,
			);
			name = Main.storyboard;
			sourceTree = "<group>";
		};
		791B826C26838FC8003976B7 /* LaunchScreen.storyboard */ = {
			isa = PBXVariantGroup;
			children = (
				791B826D26838FC8003976B7 /* Base */,
			);
			name = LaunchScreen.storyboard;
			sourceTree = "<group>";
		};
/* End PBXVariantGroup section */

/* Begin XCBuildConfiguration section */
		791B828826838FC9003976B7 /* Debug */ = {
			isa = XCBuildConfiguration;
			buildSettings = {
				ALWAYS_SEARCH_USER_PATHS = NO;
				CLANG_ANALYZER_NONNULL = YES;
				CLANG_ANALYZER_NUMBER_OBJECT_CONVERSION = YES_AGGRESSIVE;
				CLANG_CXX_LANGUAGE_STANDARD = "gnu++14";
				CLANG_CXX_LIBRARY = "libc++";
				CLANG_ENABLE_MODULES = YES;
				CLANG_ENABLE_OBJC_ARC = YES;
				CLANG_ENABLE_OBJC_WEAK = YES;
				CLANG_WARN_BLOCK_CAPTURE_AUTORELEASING = YES;
				CLANG_WARN_BOOL_CONVERSION = YES;
				CLANG_WARN_COMMA = YES;
				CLANG_WARN_CONSTANT_CONVERSION = YES;
				CLANG_WARN_DEPRECATED_OBJC_IMPLEMENTATIONS = YES;
				CLANG_WARN_DIRECT_OBJC_ISA_USAGE = YES_ERROR;
				CLANG_WARN_DOCUMENTATION_COMMENTS = YES;
				CLANG_WARN_EMPTY_BODY = YES;
				CLANG_WARN_ENUM_CONVERSION = YES;
				CLANG_WARN_INFINITE_RECURSION = YES;
				CLANG_WARN_INT_CONVERSION = YES;
				CLANG_WARN_NON_LITERAL_NULL_CONVERSION = YES;
				CLANG_WARN_OBJC_IMPLICIT_RETAIN_SELF = YES;
				CLANG_WARN_OBJC_LITERAL_CONVERSION = YES;
				CLANG_WARN_OBJC_ROOT_CLASS = YES_ERROR;
				CLANG_WARN_QUOTED_INCLUDE_IN_FRAMEWORK_HEADER = YES;
				CLANG_WARN_RANGE_LOOP_ANALYSIS = YES;
				CLANG_WARN_STRICT_PROTOTYPES = YES;
				CLANG_WARN_SUSPICIOUS_MOVE = YES;
				CLANG_WARN_UNGUARDED_AVAILABILITY = YES_AGGRESSIVE;
				CLANG_WARN_UNREACHABLE_CODE = YES;
				CLANG_WARN__DUPLICATE_METHOD_MATCH = YES;
				COPY_PHASE_STRIP = NO;
				DEBUG_INFORMATION_FORMAT = dwarf;
				ENABLE_STRICT_OBJC_MSGSEND = YES;
				ENABLE_TESTABILITY = YES;
				GCC_C_LANGUAGE_STANDARD = gnu11;
				GCC_DYNAMIC_NO_PIC = NO;
				GCC_NO_COMMON_BLOCKS = YES;
				GCC_OPTIMIZATION_LEVEL = 0;
				GCC_PREPROCESSOR_DEFINITIONS = (
					"DEBUG=1",
					"$(inherited)",
				);
				GCC_WARN_64_TO_32_BIT_CONVERSION = YES;
				GCC_WARN_ABOUT_RETURN_TYPE = YES_ERROR;
				GCC_WARN_UNDECLARED_SELECTOR = YES;
				GCC_WARN_UNINITIALIZED_AUTOS = YES_AGGRESSIVE;
				GCC_WARN_UNUSED_FUNCTION = YES;
				GCC_WARN_UNUSED_VARIABLE = YES;
				IPHONEOS_DEPLOYMENT_TARGET = 14.5;
				MTL_ENABLE_DEBUG_INFO = INCLUDE_SOURCE;
				MTL_FAST_MATH = YES;
				ONLY_ACTIVE_ARCH = YES;
				SDKROOT = iphoneos;
			};
			name = Debug;
		};
		791B828926838FC9003976B7 /* Release */ = {
			isa = XCBuildConfiguration;
			buildSettings = {
				ALWAYS_SEARCH_USER_PATHS = NO;
				CLANG_ANALYZER_NONNULL = YES;
				CLANG_ANALYZER_NUMBER_OBJECT_CONVERSION = YES_AGGRESSIVE;
				CLANG_CXX_LANGUAGE_STANDARD = "gnu++14";
				CLANG_CXX_LIBRARY = "libc++";
				CLANG_ENABLE_MODULES = YES;
				CLANG_ENABLE_OBJC_ARC = YES;
				CLANG_ENABLE_OBJC_WEAK = YES;
				CLANG_WARN_BLOCK_CAPTURE_AUTORELEASING = YES;
				CLANG_WARN_BOOL_CONVERSION = YES;
				CLANG_WARN_COMMA = YES;
				CLANG_WARN_CONSTANT_CONVERSION = YES;
				CLANG_WARN_DEPRECATED_OBJC_IMPLEMENTATIONS = YES;
				CLANG_WARN_DIRECT_OBJC_ISA_USAGE = YES_ERROR;
				CLANG_WARN_DOCUMENTATION_COMMENTS = YES;
				CLANG_WARN_EMPTY_BODY = YES;
				CLANG_WARN_ENUM_CONVERSION = YES;
				CLANG_WARN_INFINITE_RECURSION = YES;
				CLANG_WARN_INT_CONVERSION = YES;
				CLANG_WARN_NON_LITERAL_NULL_CONVERSION = YES;
				CLANG_WARN_OBJC_IMPLICIT_RETAIN_SELF = YES;
				CLANG_WARN_OBJC_LITERAL_CONVERSION = YES;
				CLANG_WARN_OBJC_ROOT_CLASS = YES_ERROR;
				CLANG_WARN_QUOTED_INCLUDE_IN_FRAMEWORK_HEADER = YES;
				CLANG_WARN_RANGE_LOOP_ANALYSIS = YES;
				CLANG_WARN_STRICT_PROTOTYPES = YES;
				CLANG_WARN_SUSPICIOUS_MOVE = YES;
				CLANG_WARN_UNGUARDED_AVAILABILITY = YES_AGGRESSIVE;
				CLANG_WARN_UNREACHABLE_CODE = YES;
				CLANG_WARN__DUPLICATE_METHOD_MATCH = YES;
				COPY_PHASE_STRIP = NO;
				DEBUG_INFORMATION_FORMAT = "dwarf-with-dsym";
				ENABLE_NS_ASSERTIONS = NO;
				ENABLE_STRICT_OBJC_MSGSEND = YES;
				GCC_C_LANGUAGE_STANDARD = gnu11;
				GCC_NO_COMMON_BLOCKS = YES;
				GCC_WARN_64_TO_32_BIT_CONVERSION = YES;
				GCC_WARN_ABOUT_RETURN_TYPE = YES_ERROR;
				GCC_WARN_UNDECLARED_SELECTOR = YES;
				GCC_WARN_UNINITIALIZED_AUTOS = YES_AGGRESSIVE;
				GCC_WARN_UNUSED_FUNCTION = YES;
				GCC_WARN_UNUSED_VARIABLE = YES;
				IPHONEOS_DEPLOYMENT_TARGET = 14.5;
				MTL_ENABLE_DEBUG_INFO = NO;
				MTL_FAST_MATH = YES;
				SDKROOT = iphoneos;
				VALIDATE_PRODUCT = YES;
			};
			name = Release;
		};
		791B828B26838FC9003976B7 /* Debug */ = {
			isa = XCBuildConfiguration;
			baseConfigurationReference = 2A190D195981FEE54EE415DB /* Pods-Flix.debug.xcconfig */;
			buildSettings = {
				ASSETCATALOG_COMPILER_APPICON_NAME = AppIcon;
				ASSETCATALOG_COMPILER_GLOBAL_ACCENT_COLOR_NAME = AccentColor;
				CODE_SIGN_STYLE = Automatic;
				DEVELOPMENT_TEAM = M4MDH6LB49;
				INFOPLIST_FILE = Flix/Info.plist;
				LD_RUNPATH_SEARCH_PATHS = (
					"$(inherited)",
					"@executable_path/Frameworks",
				);
				PRODUCT_BUNDLE_IDENTIFIER = com.facebook.Flix1245;
				PRODUCT_NAME = "$(TARGET_NAME)";
				TARGETED_DEVICE_FAMILY = "1,2";
			};
			name = Debug;
		};
		791B828C26838FC9003976B7 /* Release */ = {
			isa = XCBuildConfiguration;
			baseConfigurationReference = EA4569270F57969A66C1E812 /* Pods-Flix.release.xcconfig */;
			buildSettings = {
				ASSETCATALOG_COMPILER_APPICON_NAME = AppIcon;
				ASSETCATALOG_COMPILER_GLOBAL_ACCENT_COLOR_NAME = AccentColor;
				CODE_SIGN_STYLE = Automatic;
				DEVELOPMENT_TEAM = M4MDH6LB49;
				INFOPLIST_FILE = Flix/Info.plist;
				LD_RUNPATH_SEARCH_PATHS = (
					"$(inherited)",
					"@executable_path/Frameworks",
				);
				PRODUCT_BUNDLE_IDENTIFIER = com.facebook.Flix1245;
				PRODUCT_NAME = "$(TARGET_NAME)";
				TARGETED_DEVICE_FAMILY = "1,2";
			};
			name = Release;
		};
		791B828E26838FC9003976B7 /* Debug */ = {
			isa = XCBuildConfiguration;
			baseConfigurationReference = CB8515A2B6AFE006E30F0EA3 /* Pods-FlixTests.debug.xcconfig */;
			buildSettings = {
				BUNDLE_LOADER = "$(TEST_HOST)";
				CODE_SIGN_STYLE = Automatic;
				DEVELOPMENT_TEAM = M4MDH6LB49;
				INFOPLIST_FILE = FlixTests/Info.plist;
				IPHONEOS_DEPLOYMENT_TARGET = 14.5;
				LD_RUNPATH_SEARCH_PATHS = (
					"$(inherited)",
					"@executable_path/Frameworks",
					"@loader_path/Frameworks",
				);
				PRODUCT_BUNDLE_IDENTIFIER = com.facebook.FlixTests;
				PRODUCT_NAME = "$(TARGET_NAME)";
				TARGETED_DEVICE_FAMILY = "1,2";
				TEST_HOST = "$(BUILT_PRODUCTS_DIR)/Flix.app/Flix";
			};
			name = Debug;
		};
		791B828F26838FC9003976B7 /* Release */ = {
			isa = XCBuildConfiguration;
			baseConfigurationReference = 0753279BAF0EB8726628A6BD /* Pods-FlixTests.release.xcconfig */;
			buildSettings = {
				BUNDLE_LOADER = "$(TEST_HOST)";
				CODE_SIGN_STYLE = Automatic;
				DEVELOPMENT_TEAM = M4MDH6LB49;
				INFOPLIST_FILE = FlixTests/Info.plist;
				IPHONEOS_DEPLOYMENT_TARGET = 14.5;
				LD_RUNPATH_SEARCH_PATHS = (
					"$(inherited)",
					"@executable_path/Frameworks",
					"@loader_path/Frameworks",
				);
				PRODUCT_BUNDLE_IDENTIFIER = com.facebook.FlixTests;
				PRODUCT_NAME = "$(TARGET_NAME)";
				TARGETED_DEVICE_FAMILY = "1,2";
				TEST_HOST = "$(BUILT_PRODUCTS_DIR)/Flix.app/Flix";
			};
			name = Release;
		};
		791B829126838FC9003976B7 /* Debug */ = {
			isa = XCBuildConfiguration;
			baseConfigurationReference = BC6EBDFE3B826CDD6BD4324D /* Pods-Flix-FlixUITests.debug.xcconfig */;
			buildSettings = {
				CODE_SIGN_STYLE = Automatic;
				DEVELOPMENT_TEAM = M4MDH6LB49;
				INFOPLIST_FILE = FlixUITests/Info.plist;
				LD_RUNPATH_SEARCH_PATHS = (
					"$(inherited)",
					"@executable_path/Frameworks",
					"@loader_path/Frameworks",
				);
				PRODUCT_BUNDLE_IDENTIFIER = com.facebook.FlixUITests;
				PRODUCT_NAME = "$(TARGET_NAME)";
				TARGETED_DEVICE_FAMILY = "1,2";
				TEST_TARGET_NAME = Flix;
			};
			name = Debug;
		};
		791B829226838FC9003976B7 /* Release */ = {
			isa = XCBuildConfiguration;
			baseConfigurationReference = 48F03FBC4664B5FB4EAAB201 /* Pods-Flix-FlixUITests.release.xcconfig */;
			buildSettings = {
				CODE_SIGN_STYLE = Automatic;
				DEVELOPMENT_TEAM = M4MDH6LB49;
				INFOPLIST_FILE = FlixUITests/Info.plist;
				LD_RUNPATH_SEARCH_PATHS = (
					"$(inherited)",
					"@executable_path/Frameworks",
					"@loader_path/Frameworks",
				);
				PRODUCT_BUNDLE_IDENTIFIER = com.facebook.FlixUITests;
				PRODUCT_NAME = "$(TARGET_NAME)";
				TARGETED_DEVICE_FAMILY = "1,2";
				TEST_TARGET_NAME = Flix;
			};
			name = Release;
		};
/* End XCBuildConfiguration section */

/* Begin XCConfigurationList section */
		791B825626838FC7003976B7 /* Build configuration list for PBXProject "Flix" */ = {
			isa = XCConfigurationList;
			buildConfigurations = (
				791B828826838FC9003976B7 /* Debug */,
				791B828926838FC9003976B7 /* Release */,
			);
			defaultConfigurationIsVisible = 0;
			defaultConfigurationName = Release;
		};
		791B828A26838FC9003976B7 /* Build configuration list for PBXNativeTarget "Flix" */ = {
			isa = XCConfigurationList;
			buildConfigurations = (
				791B828B26838FC9003976B7 /* Debug */,
				791B828C26838FC9003976B7 /* Release */,
			);
			defaultConfigurationIsVisible = 0;
			defaultConfigurationName = Release;
		};
		791B828D26838FC9003976B7 /* Build configuration list for PBXNativeTarget "FlixTests" */ = {
			isa = XCConfigurationList;
			buildConfigurations = (
				791B828E26838FC9003976B7 /* Debug */,
				791B828F26838FC9003976B7 /* Release */,
			);
			defaultConfigurationIsVisible = 0;
			defaultConfigurationName = Release;
		};
		791B829026838FC9003976B7 /* Build configuration list for PBXNativeTarget "FlixUITests" */ = {
			isa = XCConfigurationList;
			buildConfigurations = (
				791B829126838FC9003976B7 /* Debug */,
				791B829226838FC9003976B7 /* Release */,
			);
			defaultConfigurationIsVisible = 0;
			defaultConfigurationName = Release;
		};
/* End XCConfigurationList section */
	};
	rootObject = 791B825326838FC7003976B7 /* Project object */;
}
